
Microsoft Visual Studio Solution File, Format Version 12.00
# Visual Studio 15
VisualStudioVersion = 15.0.28307.168
MinimumVisualStudioVersion = 10.0.40219.1
Project("{8BC9CEB8-8B4A-11D0-8D11-00A0C91BC942}") = "GraphicsSandbox", "GraphicsSandbox\GraphicsSandbox.vcxproj", "{AC6730B5-0758-4BD0-8DCB-5FB804964847}"
EndProject
Global
	GlobalSection(SolutionConfigurationPlatforms) = preSolution
		Debug|x64 = Debug|x64
		Debug|x86 = Debug|x86
		Release|x64 = Release|x64
		Release|x86 = Release|x86
	EndGlobalSection
	GlobalSection(ProjectConfigurationPlatforms) = postSolution
		{AC6730B5-0758-4BD0-8DCB-5FB804964847}.Debug|x64.ActiveCfg = Debug|x64
		{AC6730B5-0758-4BD0-8DCB-5FB804964847}.Debug|x64.Build.0 = Debug|x64
		{AC6730B5-0758-4BD0-8DCB-5FB804964847}.Debug|x86.ActiveCfg = Debug|Win32
		{AC6730B5-0758-4BD0-8DCB-5FB804964847}.Debug|x86.Build.0 = Debug|Win32
		{AC6730B5-0758-4BD0-8DCB-5FB804964847}.Release|x64.ActiveCfg = Release|x64
		{AC6730B5-0758-4BD0-8DCB-5FB804964847}.Release|x64.Build.0 = Release|x64
		{AC6730B5-0758-4BD0-8DCB-5FB804964847}.Release|x86.ActiveCfg = Release|Win32
		{AC6730B5-0758-4BD0-8DCB-5FB804964847}.Release|x86.Build.0 = Release|Win32
	EndGlobalSection
	GlobalSection(SolutionProperties) = preSolution
		HideSolutionNode = FALSE
	EndGlobalSection
	GlobalSection(ExtensibilityGlobals) = postSolution
		SolutionGuid = {44C1874B-93CA-4D5F-B232-20B842E77FE2}
	EndGlobalSection
EndGlobal
